
Microsoft Visual Studio Solution File, Format Version 12.00
# Visual Studio Version 16
VisualStudioVersion = 16.0.31729.503
MinimumVisualStudioVersion = 10.0.40219.1
Project("{FAE04EC0-301F-11D3-BF4B-00C04F79EFBC}") = "ConsoleApp5", "ConsoleApp5.csproj", "{EA96F132-4120-4710-A2BC-5876ED8E06C4}"
EndProject
Global
	GlobalSection(SolutionConfigurationPlatforms) = preSolution
		Debug|Any CPU = Debug|Any CPU
		Release|Any CPU = Release|Any CPU
	EndGlobalSection
	GlobalSection(ProjectConfigurationPlatforms) = postSolution
		{EA96F132-4120-4710-A2BC-5876ED8E06C4}.Debug|Any CPU.ActiveCfg = Debug|Any CPU
		{EA96F132-4120-4710-A2BC-5876ED8E06C4}.Debug|Any CPU.Build.0 = Debug|Any CPU
		{EA96F132-4120-4710-A2BC-5876ED8E06C4}.Release|Any CPU.ActiveCfg = Release|Any CPU
		{EA96F132-4120-4710-A2BC-5876ED8E06C4}.Release|Any CPU.Build.0 = Release|Any CPU
	EndGlobalSection
	GlobalSection(SolutionProperties) = preSolution
		HideSolutionNode = FALSE
	EndGlobalSection
	GlobalSection(ExtensibilityGlobals) = postSolution
		SolutionGuid = {9B07E7AB-188D-488A-8B0C-5CEE34E0CBDB}
	EndGlobalSection
EndGlobal
